interactions:
- request:
    body: null
    headers:
      Accept:
      - '*/*'
      Accept-Encoding:
      - gzip, deflate
      Connection:
      - keep-alive
      Content-Length:
      - '0'
      User-Agent:
      - python-requests/2.25.1
    method: POST
    uri: https://api.twitter.com/1.1/blocks/create.json?screen_name=twitter
  response:
    body:
      string: !!binary |
        H4sIAAAAAAAAAKxW247bNhD9FVUvfahh62LJsoGiTbpZ9KUFigZIgHhBUNJIZpciFZKK42797xnq
        7kvaAq38YHPmzI1zZuQXl+XubpOEgb9e4G+ijXJ3bidwF66gFeD57ZEZAwoFOlMAgtzIucyoYVKg
        ED6BOh0PoADlOaAFq3vVuwM132rnQOsaBBPlD98gpFEcVQdjar3br/Yrs8zkfvX21fvfav0zjd4j
        BIRhhoF2dy8dvP3C44eXf2X+uaYih5xcY2kqG7M0XRVoV+1XNmema05PPfoGgwgmcpbZdD54iyB8
        Oj+dryod83s6o6pW0kBmAK+6oFzDwi0k5/IISpNMNsK4u2jrR2EYBahSDEQ+Kjy8W6bRdhAkGz/w
        Fy72gVopNbYPDTiPkDqB5/jrXRjtorXznYcPSrwNJlzQT7JRzMDoNw5jDNaYjMii0IAS0XC+cA2r
        gPwpBQyCEiQBQVNu0zeqweyxwaxg01kbaho9+fbXvm/zpqIcvHQQezEXiT8q1ibuB46f7Lxo53tj
        4oFvbxqD+GHsBUmSRNEWa4/jKN7MuHpHi3YGPlv/P/7CnuGh4ZRVzBHSMdLJsF6AhXMCbY8n2Vi4
        akRG5x2aU+5A9cHQsu0nlnKqUsn7A5atSGXBUnR8vJyQWfxpnKzw5PzlPEplBDbF+RWOui82Wq+T
        OEi8+TiOsivq+QFSbzFRDXPDLmc2xL7xvDCjzkFB8f1+Rvnj8bjUtWLimXeMdx0FHCFCdqTcd7bw
        ew/qPOGsdOI2BaKg5idiJOn6SqY2hVvfC8NNuI03YfIV7EXnLgyuvLe3e30rt/q71zSL+zcdQXYP
        FM2kVDkTyAI9iHANZDDphVEsbYxUI4Bp8rHB4SYDv3v2KDBHADPObNSNoJ3AQRZgxZM0vzadSbo5
        Qka658ssprnskZiOUVRoTlF9T4osvTHC7VQwDiSl2XOpMDm7ari1d1/99PDmIXbvYlhFS5ht1H6h
        arsqq7Jbpi1G404+QDV++8l+lZbLkhX/4Ji0rL1a2P/dv8HzsLkG9d1i6stgF1gM5odIuM02XodJ
        gmsWyRfuV6+NKKr1piZCqory5R916d4Jc6e0/z9aSoXA+bh+6X0lUIfGSN3LHyPGvr+NvCj0Zj45
        7oSRHv7rbfRmrtUsh5QqkuIkYeQB99g+d3B44BMqtp8Zyu7wURu2z0yLs3/DmqGtuLAJGkP70u8N
        Bl0OBW24mcT9GFzJB4cXL2xmB/FCglvmYwPaEA12qHudkAZfkN0/omkpVI2ZO5gmlZhTbVeTghIX
        k3LPXwAAAP//AwA2ZPtllwkAAA==
    headers:
      cache-control:
      - no-cache, no-store, must-revalidate, pre-check=0, post-check=0
      content-disposition:
      - attachment; filename=json.json
      content-encoding:
      - gzip
      content-length:
      - '988'
      content-type:
      - application/json;charset=utf-8
      date:
      - Sat, 13 Feb 2021 22:02:54 GMT
      expires:
      - Tue, 31 Mar 1981 05:00:00 GMT
      last-modified:
      - Sat, 13 Feb 2021 22:02:54 GMT
      pragma:
      - no-cache
      server:
      - tsa_b
      set-cookie:
      - personalization_id="v1_yW4m24mQt+28wkozP7joiQ=="; Max-Age=63072000; Expires=Mon,
        13 Feb 2023 22:02:54 GMT; Path=/; Domain=.twitter.com; Secure; SameSite=None
      - lang=en; Path=/
      - guest_id=v1%3A161325377392801819; Max-Age=63072000; Expires=Mon, 13 Feb 2023
        22:02:54 GMT; Path=/; Domain=.twitter.com; Secure; SameSite=None
      status:
      - 200 OK
      strict-transport-security:
      - max-age=631138519
      x-access-level:
      - read-write-directmessages
      x-connection-hash:
      - d0cfee1784774b3f1914885bc4986ce6
      x-content-type-options:
      - nosniff
      x-frame-options:
      - SAMEORIGIN
      x-response-time:
      - '99'
      x-transaction:
      - 003511500087be09
      x-twitter-response-tags:
      - BouncerCompliant
      x-xss-protection:
      - '0'
    status:
      code: 200
      message: OK
- request:
    body: null
    headers:
      Accept:
      - '*/*'
      Accept-Encoding:
      - gzip, deflate
      Connection:
      - keep-alive
      Content-Length:
      - '0'
      Cookie:
      - guest_id=v1%3A161325377392801819; personalization_id="v1_yW4m24mQt+28wkozP7joiQ==";
        lang=en
      User-Agent:
      - python-requests/2.25.1
    method: POST
    uri: https://api.twitter.com/1.1/blocks/destroy.json?id=twitter
  response:
    body:
      string: !!binary |
        H4sIAAAAAAAAAKxW247bNhD9FVUvfahh62LJsoGiTbpZ9KUFigZIgHhBUNJIZpciFZKK42797xnq
        7kvaAq38YHPmzI1zZuQXl+XubpOEgb9e4G+ijXJ3bidwF66gFeD57ZEZAwoFOlMAgtzIucyoYVKg
        ED6BOh0PoADlOaAFq3vVuwM132rnQOsaBBPlD98gpFEcVQdjar3br/Yrs8zkfvX21fvfav0zjd4j
        BIRhhoF2dy8dvP3C44eXf2X+uaYih5xcY2kqG7M0XRVoV+1XNmema05PPfoGgwgmcpbZdD54iyB8
        Oj+dryod83s6o6pW0kBmAK+6oFzDwi0k5/IISpNMNsK4u2jrR2EYBahSDEQ+Kjy8W6bRdhAkGz/w
        Fy72gVopNbYPDTiPkDqB5/jrXRjtorXznYcPSrwNJlzQT7JRzMDoNw5jDNaYjMii0IAS0XC+cA2r
        gPwpBQyCEiQBQVNu0zeqweyxwaxg01kbaho9+fbXvm/zpqIcvHQQezEXiT8q1ibuB46f7Lxo53tj
        4oFvbxqD+GHsBUmSRNEWa4/jKN7MuHpHi3YGPlv/P/7CnuGh4ZRVzBHSMdLJsF6AhXMCbY8n2Vi4
        akRG5x2aU+5A9cHQsu0nlnKqUsn7A5atSGXBUnR8vJyQWfxpnKzw5PzlPEplBDbF+RWOui82Wq+T
        OEi8+TiOsivq+QFSbzFRDXPDLmc2xL7xvDCjzkFB8f1+Rvnj8bjUtWLimXeMdx0FHCFCdqTcd7bw
        ew/qPOGsdOI2BaKg5idiJOn6SqY2hVvfC8NNuI03YfIV7EXnLgyuvLe3e30rt/q71zSL+zcdQXYP
        FM2kVDkTyAI9iHANZDDphVEsbYxUI4Bp8rHB4SYDv3v2KDBHADPObNSNoJ3AQRZgxZM0vzadSbo5
        Qka658ssprnskZiOUVRoTlF9T4osvTHC7VQwDiSl2XOpMDm7ari1d1/99PDmIXbvYlhFS5ht1H6h
        arsqq7Jbpi1G404+QDV++8l+lZbLkhX/4Ji0rL1a2P/dv8HzsLkG9d1i6stgF1gM5odIuM02XodJ
        gmsWyRfuV6+NKKr1piZCqory5R916d4Jc6e0/z9aSoXA+bh+6X0lUIfGSN3LHyPGvr+NvCj0Zj45
        7oSRHv7rbfRmrtUsh5QqkuIkYeQB99g+d3B44BMqtp8Zyu7wURu2z0yLs3/DmqGtuLAJGkP70u8N
        Bl0OBW24mcT9GFzJB4cXL2xmB/FCglvmYwPaEA12qHudkAZfkN0/omkpVI2ZO5gmlZhTbVeTghIX
        k3LPXwAAAP//AwA2ZPtllwkAAA==
    headers:
      cache-control:
      - no-cache, no-store, must-revalidate, pre-check=0, post-check=0
      content-disposition:
      - attachment; filename=json.json
      content-encoding:
      - gzip
      content-length:
      - '988'
      content-type:
      - application/json;charset=utf-8
      date:
      - Sat, 13 Feb 2021 22:02:54 GMT
      expires:
      - Tue, 31 Mar 1981 05:00:00 GMT
      last-modified:
      - Sat, 13 Feb 2021 22:02:54 GMT
      pragma:
      - no-cache
      server:
      - tsa_b
      status:
      - 200 OK
      strict-transport-security:
      - max-age=631138519
      x-access-level:
      - read-write-directmessages
      x-connection-hash:
      - d106c732e8b500876070c9920cc13377
      x-content-type-options:
      - nosniff
      x-frame-options:
      - SAMEORIGIN
      x-response-time:
      - '93'
      x-transaction:
      - 00dc11d50095cc5f
      x-twitter-response-tags:
      - BouncerCompliant
      x-xss-protection:
      - '0'
    status:
      code: 200
      message: OK
- request:
    body: null
    headers:
      Accept:
      - '*/*'
      Accept-Encoding:
      - gzip, deflate
      Connection:
      - keep-alive
      Content-Length:
      - '0'
      Cookie:
      - guest_id=v1%3A161325377392801819; personalization_id="v1_yW4m24mQt+28wkozP7joiQ==";
        lang=en
      User-Agent:
      - python-requests/2.25.1
    method: POST
    uri: https://api.twitter.com/1.1/friendships/create.json?screen_name=twitter
  response:
    body:
      string: !!binary |
        H4sIAAAAAAAAAKxWWY/bNhD+K6pe+lDD1mHJsoGiTbpZ9KUFigZIgHhBUNJIZpciFZKK42793zPU
        7SNtgVZ+sPnNNxfnkF9clru7TRIG/nqBv4k2yt25HeAuXEErwPPbIzMGFAI6UwCC3OBcZtQwKRCE
        T6BOxwMoQDwH1GB1L3p3oOZb7RxoXYNgovzhG6Q0iqPoYEytd/vVfmWWmdyv3r56/1utf6bRe6SA
        MMww0O7upaO3X3j88PKv1D/XVOSQk2suTWVjlqbLAvWq/crGzHTN6aln33CQwUTOMhvOB28RhE/n
        p/NVpmN8T2cU1UoayAzgVReUa1i4heRcHkFpkslGGHcXbf0oDCMPRYqByEcBIpxp1B2AZOMH/sLF
        OlCLUmPr0IDzCKkTeI6/3oXRLlo733n4IOJtMOCCfpKNYgZGu3EYB3j3JiOyKDQgIhrOF65hFZA/
        pYABKEESEDTlNnyjGoweC8wKNp21oabRk21/7fs2birKwUpHsRdzEfijYm3gfuD4yc6Ldr43Bh74
        9qbRiR/GXpAkSRRtMfc4juLNrFfvSFHPwGdr/8df2DM8NJyyijlCOkY6GeYLsHBOoO3xJBtLV43I
        6LxC85Y7UH0wtGzriamcqlTy/oBpK1JZshRdP15OyMz/NE4WPDl/OY9SGYFFcX6Fo+6TjdbrJA4S
        bz6OI3bVen6ArbeYWg1jwypn1sW+8bwwo85BQfH9ftbyx+NxqWvFxDPvOt51FHCkCNk15b7Thd97
        UmcJZ6WD2xCIgpqfiJGkqyuZyhRufS8MN+E23oTJV7gXlbtQuLLe3u71rdzK717TzO/fVAS7e2jR
        TEqVM4FdoAcI10AGk1wYxdLGSDUSmCYfGxxuMvR33z0KzBHAjDMbdSNoJ3DAAsx4QvNr1RnSzRF2
        pHu+jGKay56J4RhFheYUxfdQ7NIbJdxOBeNAUpo9lwqDs6uGW3331U8Pbx5i9y6HVbSE2UbtF6q2
        q7Iqu2XacjTu5ANU47ef7FdpuSxZ8Q+GSdu1Vwv7v9s3eB421yC+m0x96eyCi878EBtus43XYZLg
        msXmC/er10YU1XpTEyFVRfnyj7p077i5k9r/7y2lQuB8XL/0vuKoY6On7uWPHmPf30ZeFHozmxx3
        wtge/utt9GYu1SyHlCqS4iSh54H32D53eHjgEyu2nxnL7vBRGrbPTIqzf9M1Q1lxYRNUhval3ysM
        shwK2nAzwf0YXOGDwYsXNrOD2JnpAFwyHxvQhmiwM92ThTT4fuz+EE07oWpMq98fp0El5lTbzaSg
        xL2k3PMXAAAA//8DAG1hdYWWCQAA
    headers:
      cache-control:
      - no-cache, no-store, must-revalidate, pre-check=0, post-check=0
      content-disposition:
      - attachment; filename=json.json
      content-encoding:
      - gzip
      content-length:
      - '990'
      content-type:
      - application/json;charset=utf-8
      date:
      - Sat, 13 Feb 2021 22:02:54 GMT
      expires:
      - Tue, 31 Mar 1981 05:00:00 GMT
      last-modified:
      - Sat, 13 Feb 2021 22:02:54 GMT
      pragma:
      - no-cache
      server:
      - tsa_b
      status:
      - 200 OK
      strict-transport-security:
      - max-age=631138519
      x-access-level:
      - read-write-directmessages
      x-connection-hash:
      - 55c5abe9a21e75f63e97a24ac5e049fa
      x-content-type-options:
      - nosniff
      x-frame-options:
      - SAMEORIGIN
      x-response-time:
      - '131'
      x-transaction:
      - 00a7f244006e4584
      x-twitter-response-tags:
      - BouncerCompliant
      x-xss-protection:
      - '0'
    status:
      code: 200
      message: OK
version: 1
